
Microsoft Visual Studio Solution File, Format Version 12.00
# Visual Studio 15
VisualStudioVersion = 15.0.27019.1
MinimumVisualStudioVersion = 10.0.40219.1
Project("{9A19103F-16F7-4668-BE54-9A1E7A4F7556}") = "UwpTaskbarIcon", "UwpTaskbarIcon\UwpTaskbarIcon.csproj", "{30CE7997-02EC-4DE0-80C0-997F3AE41F84}"
EndProject
Global
	GlobalSection(SolutionConfigurationPlatforms) = preSolution
		Debug|Any CPU = Debug|Any CPU
		Release|Any CPU = Release|Any CPU
	EndGlobalSection
	GlobalSection(ProjectConfigurationPlatforms) = postSolution
		{30CE7997-02EC-4DE0-80C0-997F3AE41F84}.Debug|Any CPU.ActiveCfg = Debug|Any CPU
		{30CE7997-02EC-4DE0-80C0-997F3AE41F84}.Debug|Any CPU.Build.0 = Debug|Any CPU
		{30CE7997-02EC-4DE0-80C0-997F3AE41F84}.Release|Any CPU.ActiveCfg = Release|Any CPU
		{30CE7997-02EC-4DE0-80C0-997F3AE41F84}.Release|Any CPU.Build.0 = Release|Any CPU
	EndGlobalSection
	GlobalSection(SolutionProperties) = preSolution
		HideSolutionNode = FALSE
	EndGlobalSection
	GlobalSection(ExtensibilityGlobals) = postSolution
		SolutionGuid = {0D2AA340-310F-4333-A02B-3B6699A77D91}
	EndGlobalSection
EndGlobal
